
Microsoft Visual Studio Solution File, Format Version 12.00
# Visual Studio 15
VisualStudioVersion = 15.0.27004.2005
MinimumVisualStudioVersion = 10.0.40219.1
Project("{FAE04EC0-301F-11D3-BF4B-00C04F79EFBC}") = "AreWeAlternate", "AreWeAlternate\AreWeAlternate.csproj", "{38B06B17-80C1-42AD-ADD7-DB1F780CB6A8}"
EndProject
Project("{FAE04EC0-301F-11D3-BF4B-00C04F79EFBC}") = "AreWeAlternateTests", "AreWeAlternateTests\AreWeAlternateTests.csproj", "{9BE427FA-9473-4CF0-9E08-D9EC05A18FBF}"
EndProject
Global
	GlobalSection(SolutionConfigurationPlatforms) = preSolution
		Debug|Any CPU = Debug|Any CPU
		Release|Any CPU = Release|Any CPU
	EndGlobalSection
	GlobalSection(ProjectConfigurationPlatforms) = postSolution
		{38B06B17-80C1-42AD-ADD7-DB1F780CB6A8}.Debug|Any CPU.ActiveCfg = Debug|Any CPU
		{38B06B17-80C1-42AD-ADD7-DB1F780CB6A8}.Debug|Any CPU.Build.0 = Debug|Any CPU
		{38B06B17-80C1-42AD-ADD7-DB1F780CB6A8}.Release|Any CPU.ActiveCfg = Release|Any CPU
		{38B06B17-80C1-42AD-ADD7-DB1F780CB6A8}.Release|Any CPU.Build.0 = Release|Any CPU
		{9BE427FA-9473-4CF0-9E08-D9EC05A18FBF}.Debug|Any CPU.ActiveCfg = Debug|Any CPU
		{9BE427FA-9473-4CF0-9E08-D9EC05A18FBF}.Debug|Any CPU.Build.0 = Debug|Any CPU
		{9BE427FA-9473-4CF0-9E08-D9EC05A18FBF}.Release|Any CPU.ActiveCfg = Release|Any CPU
		{9BE427FA-9473-4CF0-9E08-D9EC05A18FBF}.Release|Any CPU.Build.0 = Release|Any CPU
	EndGlobalSection
	GlobalSection(SolutionProperties) = preSolution
		HideSolutionNode = FALSE
	EndGlobalSection
	GlobalSection(ExtensibilityGlobals) = postSolution
		SolutionGuid = {0A21BF16-3505-4A55-83F7-994F82DC6F58}
	EndGlobalSection
EndGlobal
